
Microsoft Visual Studio Solution File, Format Version 12.00
# Visual Studio Version 16
VisualStudioVersion = 16.0.29728.190
MinimumVisualStudioVersion = 10.0.40219.1
Project("{FAE04EC0-301F-11D3-BF4B-00C04F79EFBC}") = "Addition_task", "Addition_task\Addition_task.csproj", "{49AB23F0-52CC-417C-B6D8-4800FB9B6DAA}"
EndProject
Global
	GlobalSection(SolutionConfigurationPlatforms) = preSolution
		Debug|Any CPU = Debug|Any CPU
		Release|Any CPU = Release|Any CPU
	EndGlobalSection
	GlobalSection(ProjectConfigurationPlatforms) = postSolution
		{49AB23F0-52CC-417C-B6D8-4800FB9B6DAA}.Debug|Any CPU.ActiveCfg = Debug|Any CPU
		{49AB23F0-52CC-417C-B6D8-4800FB9B6DAA}.Debug|Any CPU.Build.0 = Debug|Any CPU
		{49AB23F0-52CC-417C-B6D8-4800FB9B6DAA}.Release|Any CPU.ActiveCfg = Release|Any CPU
		{49AB23F0-52CC-417C-B6D8-4800FB9B6DAA}.Release|Any CPU.Build.0 = Release|Any CPU
	EndGlobalSection
	GlobalSection(SolutionProperties) = preSolution
		HideSolutionNode = FALSE
	EndGlobalSection
	GlobalSection(ExtensibilityGlobals) = postSolution
		SolutionGuid = {CAA2F988-994A-4248-A092-13C18F27C014}
	EndGlobalSection
EndGlobal
